
Microsoft Visual Studio Solution File, Format Version 12.00
# Visual Studio Version 17
VisualStudioVersion = 17.8.34330.188
MinimumVisualStudioVersion = 10.0.40219.1
Project("{9A19103F-16F7-4668-BE54-9A1E7A4F7556}") = "TextSearcher", "TextSearcher\TextSearcher.csproj", "{464BBB20-A3B5-47F4-A77F-08E22508B13F}"
EndProject
Project("{FAE04EC0-301F-11D3-BF4B-00C04F79EFBC}") = "TextSearcher.Tests", "TextSearcher.Tests\TextSearcher.Tests.csproj", "{783C4D8B-36C7-46F3-AE35-EA3D6901F1EB}"
EndProject
Global
	GlobalSection(SolutionConfigurationPlatforms) = preSolution
		Debug|Any CPU = Debug|Any CPU
		Release|Any CPU = Release|Any CPU
	EndGlobalSection
	GlobalSection(ProjectConfigurationPlatforms) = postSolution
		{464BBB20-A3B5-47F4-A77F-08E22508B13F}.Debug|Any CPU.ActiveCfg = Debug|Any CPU
		{464BBB20-A3B5-47F4-A77F-08E22508B13F}.Debug|Any CPU.Build.0 = Debug|Any CPU
		{464BBB20-A3B5-47F4-A77F-08E22508B13F}.Release|Any CPU.ActiveCfg = Release|Any CPU
		{464BBB20-A3B5-47F4-A77F-08E22508B13F}.Release|Any CPU.Build.0 = Release|Any CPU
		{783C4D8B-36C7-46F3-AE35-EA3D6901F1EB}.Debug|Any CPU.ActiveCfg = Debug|Any CPU
		{783C4D8B-36C7-46F3-AE35-EA3D6901F1EB}.Debug|Any CPU.Build.0 = Debug|Any CPU
		{783C4D8B-36C7-46F3-AE35-EA3D6901F1EB}.Release|Any CPU.ActiveCfg = Release|Any CPU
		{783C4D8B-36C7-46F3-AE35-EA3D6901F1EB}.Release|Any CPU.Build.0 = Release|Any CPU
	EndGlobalSection
	GlobalSection(SolutionProperties) = preSolution
		HideSolutionNode = FALSE
	EndGlobalSection
	GlobalSection(ExtensibilityGlobals) = postSolution
		SolutionGuid = {C46184A1-7612-4F94-A1F3-101C2B2C167D}
	EndGlobalSection
EndGlobal
